{
  "name": "flare-redact-example-openai-privacy",
  "lockfileVersion": 3,
  "requires": true,
  "packages": {
    "": {
      "name": "flare-redact-example-openai-privacy",
      "dependencies": {
        "flare-redact": "file:../.."
      }
    },
    "../..": {
      "version": "1.0.0",
      "license": "MIT",
      "bin": {
        "flare-redact": "bin/flare-redact.mjs"
      },
      "devDependencies": {
        "@types/node": "^20.0.0",
        "typescript": "^5.6.0"
      },
      "engines": {
        "node": ">=20"
      }
    },
    "node_modules/flare-redact": {
      "resolved": "../..",
      "link": true
    }
  }
}
